
Microsoft Visual Studio Solution File, Format Version 12.00
# Visual Studio Version 17
VisualStudioVersion = 17.4.33213.308
MinimumVisualStudioVersion = 10.0.40219.1
Project("{9A19103F-16F7-4668-BE54-9A1E7A4F7556}") = "UserInterfaceWPF", "UserInterfaceWPF\UserInterfaceWPF.csproj", "{87A14BF9-D9B1-4F4C-95B3-710DBBF43E7D}"
EndProject
Project("{9A19103F-16F7-4668-BE54-9A1E7A4F7556}") = "LanguageClassLibrary", "LanguageClassLibrary\LanguageClassLibrary.csproj", "{B908AD22-D2B4-4E61-9FCC-4781F6FB9710}"
EndProject
Project("{FAE04EC0-301F-11D3-BF4B-00C04F79EFBC}") = "ModelPresenterLibrary", "ModelPresenterLibrary\ModelPresenterLibrary.csproj", "{24B4A574-A7B2-4745-9812-DBBEF62DA98F}"
EndProject
Global
	GlobalSection(SolutionConfigurationPlatforms) = preSolution
		Debug|Any CPU = Debug|Any CPU
		Release|Any CPU = Release|Any CPU
	EndGlobalSection
	GlobalSection(ProjectConfigurationPlatforms) = postSolution
		{87A14BF9-D9B1-4F4C-95B3-710DBBF43E7D}.Debug|Any CPU.ActiveCfg = Debug|Any CPU
		{87A14BF9-D9B1-4F4C-95B3-710DBBF43E7D}.Debug|Any CPU.Build.0 = Debug|Any CPU
		{87A14BF9-D9B1-4F4C-95B3-710DBBF43E7D}.Release|Any CPU.ActiveCfg = Release|Any CPU
		{87A14BF9-D9B1-4F4C-95B3-710DBBF43E7D}.Release|Any CPU.Build.0 = Release|Any CPU
		{B908AD22-D2B4-4E61-9FCC-4781F6FB9710}.Debug|Any CPU.ActiveCfg = Debug|Any CPU
		{B908AD22-D2B4-4E61-9FCC-4781F6FB9710}.Debug|Any CPU.Build.0 = Debug|Any CPU
		{B908AD22-D2B4-4E61-9FCC-4781F6FB9710}.Release|Any CPU.ActiveCfg = Release|Any CPU
		{B908AD22-D2B4-4E61-9FCC-4781F6FB9710}.Release|Any CPU.Build.0 = Release|Any CPU
		{24B4A574-A7B2-4745-9812-DBBEF62DA98F}.Debug|Any CPU.ActiveCfg = Debug|Any CPU
		{24B4A574-A7B2-4745-9812-DBBEF62DA98F}.Debug|Any CPU.Build.0 = Debug|Any CPU
		{24B4A574-A7B2-4745-9812-DBBEF62DA98F}.Release|Any CPU.ActiveCfg = Release|Any CPU
		{24B4A574-A7B2-4745-9812-DBBEF62DA98F}.Release|Any CPU.Build.0 = Release|Any CPU
	EndGlobalSection
	GlobalSection(SolutionProperties) = preSolution
		HideSolutionNode = FALSE
	EndGlobalSection
	GlobalSection(ExtensibilityGlobals) = postSolution
		SolutionGuid = {961D5C25-F508-402B-B02C-7095337CF19D}
	EndGlobalSection
EndGlobal
